// !$*UTF8*$!
{
	archiveVersion = 1;
	classes = {
	};
	objectVersion = 50;
	objects = {

/* Begin PBXBuildFile section */
		304FE32420D3A2B700BE0C0A /* HhApiRequest.swift in Sources */ = {isa = PBXBuildFile; fileRef = 304FE32320D3A2B700BE0C0A /* HhApiRequest.swift */; };
		304FE32620D3A53500BE0C0A /* RequestProtocol.swift in Sources */ = {isa = PBXBuildFile; fileRef = 304FE32520D3A53500BE0C0A /* RequestProtocol.swift */; };
		304FE32920D3DDD600BE0C0A /* InMemoryRequest.swift in Sources */ = {isa = PBXBuildFile; fileRef = 304FE32820D3DDD600BE0C0A /* InMemoryRequest.swift */; };
		3055DA0C20D0EDAA00BDED64 /* Vacancy.swift in Sources */ = {isa = PBXBuildFile; fileRef = 3055DA0B20D0EDAA00BDED64 /* Vacancy.swift */; };
		3055DA0E20D0F5D000BDED64 /* VacanciesStore.swift in Sources */ = {isa = PBXBuildFile; fileRef = 3055DA0D20D0F5D000BDED64 /* VacanciesStore.swift */; };
		3055DA1120D10EE300BDED64 /* VacancyListVC.swift in Sources */ = {isa = PBXBuildFile; fileRef = 3055DA1020D10EE300BDED64 /* VacancyListVC.swift */; };
		3055DA1420D16E3300BDED64 /* Repository.swift in Sources */ = {isa = PBXBuildFile; fileRef = 3055DA1320D16E3300BDED64 /* Repository.swift */; };
		30C6DE9420CF967A00A4BAAA /* AppDelegate.swift in Sources */ = {isa = PBXBuildFile; fileRef = 30C6DE9320CF967A00A4BAAA /* AppDelegate.swift */; };
		30C6DE9920CF967A00A4BAAA /* Main.storyboard in Resources */ = {isa = PBXBuildFile; fileRef = 30C6DE9720CF967A00A4BAAA /* Main.storyboard */; };
		30C6DE9B20CF968700A4BAAA /* Assets.xcassets in Resources */ = {isa = PBXBuildFile; fileRef = 30C6DE9A20CF968700A4BAAA /* Assets.xcassets */; };
		30C6DE9E20CF968700A4BAAA /* LaunchScreen.storyboard in Resources */ = {isa = PBXBuildFile; fileRef = 30C6DE9C20CF968700A4BAAA /* LaunchScreen.storyboard */; };
/* End PBXBuildFile section */

/* Begin PBXFileReference section */
		304FE32320D3A2B700BE0C0A /* HhApiRequest.swift */ = {isa = PBXFileReference; lastKnownFileType = sourcecode.swift; path = HhApiRequest.swift; sourceTree = "<group>"; };
		304FE32520D3A53500BE0C0A /* RequestProtocol.swift */ = {isa = PBXFileReference; lastKnownFileType = sourcecode.swift; path = RequestProtocol.swift; sourceTree = "<group>"; };
		304FE32820D3DDD600BE0C0A /* InMemoryRequest.swift */ = {isa = PBXFileReference; lastKnownFileType = sourcecode.swift; path = InMemoryRequest.swift; sourceTree = "<group>"; };
		3055DA0B20D0EDAA00BDED64 /* Vacancy.swift */ = {isa = PBXFileReference; lastKnownFileType = sourcecode.swift; path = Vacancy.swift; sourceTree = "<group>"; };
		3055DA0D20D0F5D000BDED64 /* VacanciesStore.swift */ = {isa = PBXFileReference; lastKnownFileType = sourcecode.swift; path = VacanciesStore.swift; sourceTree = "<group>"; };
		3055DA1020D10EE300BDED64 /* VacancyListVC.swift */ = {isa = PBXFileReference; lastKnownFileType = sourcecode.swift; path = VacancyListVC.swift; sourceTree = "<group>"; };
		3055DA1320D16E3300BDED64 /* Repository.swift */ = {isa = PBXFileReference; lastKnownFileType = sourcecode.swift; path = Repository.swift; sourceTree = "<group>"; };
		30C6DE9020CF967A00A4BAAA /* rsb_jobapp.app */ = {isa = PBXFileReference; explicitFileType = wrapper.application; includeInIndex = 0; path = rsb_jobapp.app; sourceTree = BUILT_PRODUCTS_DIR; };
		30C6DE9320CF967A00A4BAAA /* AppDelegate.swift */ = {isa = PBXFileReference; lastKnownFileType = sourcecode.swift; path = AppDelegate.swift; sourceTree = "<group>"; };
		30C6DE9820CF967A00A4BAAA /* Base */ = {isa = PBXFileReference; lastKnownFileType = file.storyboard; name = Base; path = Base.lproj/Main.storyboard; sourceTree = "<group>"; };
		30C6DE9A20CF968700A4BAAA /* Assets.xcassets */ = {isa = PBXFileReference; lastKnownFileType = folder.assetcatalog; path = Assets.xcassets; sourceTree = "<group>"; };
		30C6DE9D20CF968700A4BAAA /* Base */ = {isa = PBXFileReference; lastKnownFileType = file.storyboard; name = Base; path = Base.lproj/LaunchScreen.storyboard; sourceTree = "<group>"; };
		30C6DE9F20CF968700A4BAAA /* Info.plist */ = {isa = PBXFileReference; lastKnownFileType = text.plist.xml; path = Info.plist; sourceTree = "<group>"; };
/* End PBXFileReference section */

/* Begin PBXFrameworksBuildPhase section */
		30C6DE8D20CF967A00A4BAAA /* Frameworks */ = {
			isa = PBXFrameworksBuildPhase;
			buildActionMask = 2147483647;
			files = (
			);
			runOnlyForDeploymentPostprocessing = 0;
		};
/* End PBXFrameworksBuildPhase section */

/* Begin PBXGroup section */
		304FE32120D3A28100BE0C0A /* API */ = {
			isa = PBXGroup;
			children = (
				304FE32720D3DDA100BE0C0A /* In-memory */,
				304FE32220D3A29300BE0C0A /* HH */,
				304FE32520D3A53500BE0C0A /* RequestProtocol.swift */,
			);
			path = API;
			sourceTree = "<group>";
		};
		304FE32220D3A29300BE0C0A /* HH */ = {
			isa = PBXGroup;
			children = (
				304FE32320D3A2B700BE0C0A /* HhApiRequest.swift */,
			);
			path = HH;
			sourceTree = "<group>";
		};
		304FE32720D3DDA100BE0C0A /* In-memory */ = {
			isa = PBXGroup;
			children = (
				3055DA0D20D0F5D000BDED64 /* VacanciesStore.swift */,
				304FE32820D3DDD600BE0C0A /* InMemoryRequest.swift */,
			);
			path = "In-memory";
			sourceTree = "<group>";
		};
		3055DA0A20D0ED7500BDED64 /* vacancy */ = {
			isa = PBXGroup;
			children = (
				3055DA0B20D0EDAA00BDED64 /* Vacancy.swift */,
			);
			path = vacancy;
			sourceTree = "<group>";
		};
		3055DA0F20D10E6500BDED64 /* vacancyList */ = {
			isa = PBXGroup;
			children = (
				3055DA1020D10EE300BDED64 /* VacancyListVC.swift */,
			);
			path = vacancyList;
			sourceTree = "<group>";
		};
		3055DA1220D16E1400BDED64 /* repository */ = {
			isa = PBXGroup;
			children = (
				304FE32120D3A28100BE0C0A /* API */,
				3055DA1320D16E3300BDED64 /* Repository.swift */,
			);
			path = repository;
			sourceTree = "<group>";
		};
		30C6DE8720CF967A00A4BAAA = {
			isa = PBXGroup;
			children = (
				30C6DE9220CF967A00A4BAAA /* rsb_jobapp */,
				30C6DE9120CF967A00A4BAAA /* Products */,
			);
			sourceTree = "<group>";
		};
		30C6DE9120CF967A00A4BAAA /* Products */ = {
			isa = PBXGroup;
			children = (
				30C6DE9020CF967A00A4BAAA /* rsb_jobapp.app */,
			);
			name = Products;
			sourceTree = "<group>";
		};
		30C6DE9220CF967A00A4BAAA /* rsb_jobapp */ = {
			isa = PBXGroup;
			children = (
				3055DA1220D16E1400BDED64 /* repository */,
				3055DA0A20D0ED7500BDED64 /* vacancy */,
				3055DA0F20D10E6500BDED64 /* vacancyList */,
				30C6DE9320CF967A00A4BAAA /* AppDelegate.swift */,
				30C6DE9720CF967A00A4BAAA /* Main.storyboard */,
				30C6DE9A20CF968700A4BAAA /* Assets.xcassets */,
				30C6DE9C20CF968700A4BAAA /* LaunchScreen.storyboard */,
				30C6DE9F20CF968700A4BAAA /* Info.plist */,
			);
			path = rsb_jobapp;
			sourceTree = "<group>";
		};
/* End PBXGroup section */

/* Begin PBXNativeTarget section */
		30C6DE8F20CF967A00A4BAAA /* rsb_jobapp */ = {
			isa = PBXNativeTarget;
			buildConfigurationList = 30C6DEA220CF968700A4BAAA /* Build configuration list for PBXNativeTarget "rsb_jobapp" */;
			buildPhases = (
				30C6DE8C20CF967A00A4BAAA /* Sources */,
				30C6DE8D20CF967A00A4BAAA /* Frameworks */,
				30C6DE8E20CF967A00A4BAAA /* Resources */,
			);
			buildRules = (
			);
			dependencies = (
			);
			name = rsb_jobapp;
			productName = rsb_jobapp;
			productReference = 30C6DE9020CF967A00A4BAAA /* rsb_jobapp.app */;
			productType = "com.apple.product-type.application";
		};
/* End PBXNativeTarget section */

/* Begin PBXProject section */
		30C6DE8820CF967A00A4BAAA /* Project object */ = {
			isa = PBXProject;
			attributes = {
				LastSwiftUpdateCheck = 0940;
				LastUpgradeCheck = 0940;
				ORGANIZATIONNAME = "Roman Brazhnikov";
				TargetAttributes = {
					30C6DE8F20CF967A00A4BAAA = {
						CreatedOnToolsVersion = 9.4;
					};
				};
			};
			buildConfigurationList = 30C6DE8B20CF967A00A4BAAA /* Build configuration list for PBXProject "rsb_jobapp" */;
			compatibilityVersion = "Xcode 9.3";
			developmentRegion = en;
			hasScannedForEncodings = 0;
			knownRegions = (
				en,
				Base,
			);
			mainGroup = 30C6DE8720CF967A00A4BAAA;
			productRefGroup = 30C6DE9120CF967A00A4BAAA /* Products */;
			projectDirPath = "";
			projectRoot = "";
			targets = (
				30C6DE8F20CF967A00A4BAAA /* rsb_jobapp */,
			);
		};
/* End PBXProject section */

/* Begin PBXResourcesBuildPhase section */
		30C6DE8E20CF967A00A4BAAA /* Resources */ = {
			isa = PBXResourcesBuildPhase;
			buildActionMask = 2147483647;
			files = (
				30C6DE9E20CF968700A4BAAA /* LaunchScreen.storyboard in Resources */,
				30C6DE9B20CF968700A4BAAA /* Assets.xcassets in Resources */,
				30C6DE9920CF967A00A4BAAA /* Main.storyboard in Resources */,
			);
			runOnlyForDeploymentPostprocessing = 0;
		};
/* End PBXResourcesBuildPhase section */

/* Begin PBXSourcesBuildPhase section */
		30C6DE8C20CF967A00A4BAAA /* Sources */ = {
			isa = PBXSourcesBuildPhase;
			buildActionMask = 2147483647;
			files = (
				3055DA1120D10EE300BDED64 /* VacancyListVC.swift in Sources */,
				304FE32920D3DDD600BE0C0A /* InMemoryRequest.swift in Sources */,
				3055DA0E20D0F5D000BDED64 /* VacanciesStore.swift in Sources */,
				3055DA1420D16E3300BDED64 /* Repository.swift in Sources */,
				30C6DE9420CF967A00A4BAAA /* AppDelegate.swift in Sources */,
				304FE32420D3A2B700BE0C0A /* HhApiRequest.swift in Sources */,
				3055DA0C20D0EDAA00BDED64 /* Vacancy.swift in Sources */,
				304FE32620D3A53500BE0C0A /* RequestProtocol.swift in Sources */,
			);
			runOnlyForDeploymentPostprocessing = 0;
		};
/* End PBXSourcesBuildPhase section */

/* Begin PBXVariantGroup section */
		30C6DE9720CF967A00A4BAAA /* Main.storyboard */ = {
			isa = PBXVariantGroup;
			children = (
				30C6DE9820CF967A00A4BAAA /* Base */,
			);
			name = Main.storyboard;
			sourceTree = "<group>";
		};
		30C6DE9C20CF968700A4BAAA /* LaunchScreen.storyboard */ = {
			isa = PBXVariantGroup;
			children = (
				30C6DE9D20CF968700A4BAAA /* Base */,
			);
			name = LaunchScreen.storyboard;
			sourceTree = "<group>";
		};
/* End PBXVariantGroup section */

/* Begin XCBuildConfiguration section */
		30C6DEA020CF968700A4BAAA /* Debug */ = {
			isa = XCBuildConfiguration;
			buildSettings = {
				ALWAYS_SEARCH_USER_PATHS = NO;
				CLANG_ANALYZER_NONNULL = YES;
				CLANG_ANALYZER_NUMBER_OBJECT_CONVERSION = YES_AGGRESSIVE;
				CLANG_CXX_LANGUAGE_STANDARD = "gnu++14";
				CLANG_CXX_LIBRARY = "libc++";
				CLANG_ENABLE_MODULES = YES;
				CLANG_ENABLE_OBJC_ARC = YES;
				CLANG_ENABLE_OBJC_WEAK = YES;
				CLANG_WARN_BLOCK_CAPTURE_AUTORELEASING = YES;
				CLANG_WARN_BOOL_CONVERSION = YES;
				CLANG_WARN_COMMA = YES;
				CLANG_WARN_CONSTANT_CONVERSION = YES;
				CLANG_WARN_DEPRECATED_OBJC_IMPLEMENTATIONS = YES;
				CLANG_WARN_DIRECT_OBJC_ISA_USAGE = YES_ERROR;
				CLANG_WARN_DOCUMENTATION_COMMENTS = YES;
				CLANG_WARN_EMPTY_BODY = YES;
				CLANG_WARN_ENUM_CONVERSION = YES;
				CLANG_WARN_INFINITE_RECURSION = YES;
				CLANG_WARN_INT_CONVERSION = YES;
				CLANG_WARN_NON_LITERAL_NULL_CONVERSION = YES;
				CLANG_WARN_OBJC_IMPLICIT_RETAIN_SELF = YES;
				CLANG_WARN_OBJC_LITERAL_CONVERSION = YES;
				CLANG_WARN_OBJC_ROOT_CLASS = YES_ERROR;
				CLANG_WARN_RANGE_LOOP_ANALYSIS = YES;
				CLANG_WARN_STRICT_PROTOTYPES = YES;
				CLANG_WARN_SUSPICIOUS_MOVE = YES;
				CLANG_WARN_UNGUARDED_AVAILABILITY = YES_AGGRESSIVE;
				CLANG_WARN_UNREACHABLE_CODE = YES;
				CLANG_WARN__DUPLICATE_METHOD_MATCH = YES;
				CODE_SIGN_IDENTITY = "iPhone Developer";
				COPY_PHASE_STRIP = NO;
				DEBUG_INFORMATION_FORMAT = dwarf;
				ENABLE_STRICT_OBJC_MSGSEND = YES;
				ENABLE_TESTABILITY = YES;
				GCC_C_LANGUAGE_STANDARD = gnu11;
				GCC_DYNAMIC_NO_PIC = NO;
				GCC_NO_COMMON_BLOCKS = YES;
				GCC_OPTIMIZATION_LEVEL = 0;
				GCC_PREPROCESSOR_DEFINITIONS = (
					"DEBUG=1",
					"$(inherited)",
				);
				GCC_WARN_64_TO_32_BIT_CONVERSION = YES;
				GCC_WARN_ABOUT_RETURN_TYPE = YES_ERROR;
				GCC_WARN_UNDECLARED_SELECTOR = YES;
				GCC_WARN_UNINITIALIZED_AUTOS = YES_AGGRESSIVE;
				GCC_WARN_UNUSED_FUNCTION = YES;
				GCC_WARN_UNUSED_VARIABLE = YES;
				IPHONEOS_DEPLOYMENT_TARGET = 11.4;
				MTL_ENABLE_DEBUG_INFO = YES;
				ONLY_ACTIVE_ARCH = YES;
				SDKROOT = iphoneos;
				SWIFT_ACTIVE_COMPILATION_CONDITIONS = DEBUG;
				SWIFT_OPTIMIZATION_LEVEL = "-Onone";
			};
			name = Debug;
		};
		30C6DEA120CF968700A4BAAA /* Release */ = {
			isa = XCBuildConfiguration;
			buildSettings = {
				ALWAYS_SEARCH_USER_PATHS = NO;
				CLANG_ANALYZER_NONNULL = YES;
				CLANG_ANALYZER_NUMBER_OBJECT_CONVERSION = YES_AGGRESSIVE;
				CLANG_CXX_LANGUAGE_STANDARD = "gnu++14";
				CLANG_CXX_LIBRARY = "libc++";
				CLANG_ENABLE_MODULES = YES;
				CLANG_ENABLE_OBJC_ARC = YES;
				CLANG_ENABLE_OBJC_WEAK = YES;
				CLANG_WARN_BLOCK_CAPTURE_AUTORELEASING = YES;
				CLANG_WARN_BOOL_CONVERSION = YES;
				CLANG_WARN_COMMA = YES;
				CLANG_WARN_CONSTANT_CONVERSION = YES;
				CLANG_WARN_DEPRECATED_OBJC_IMPLEMENTATIONS = YES;
				CLANG_WARN_DIRECT_OBJC_ISA_USAGE = YES_ERROR;
				CLANG_WARN_DOCUMENTATION_COMMENTS = YES;
				CLANG_WARN_EMPTY_BODY = YES;
				CLANG_WARN_ENUM_CONVERSION = YES;
				CLANG_WARN_INFINITE_RECURSION = YES;
				CLANG_WARN_INT_CONVERSION = YES;
				CLANG_WARN_NON_LITERAL_NULL_CONVERSION = YES;
				CLANG_WARN_OBJC_IMPLICIT_RETAIN_SELF = YES;
				CLANG_WARN_OBJC_LITERAL_CONVERSION = YES;
				CLANG_WARN_OBJC_ROOT_CLASS = YES_ERROR;
				CLANG_WARN_RANGE_LOOP_ANALYSIS = YES;
				CLANG_WARN_STRICT_PROTOTYPES = YES;
				CLANG_WARN_SUSPICIOUS_MOVE = YES;
				CLANG_WARN_UNGUARDED_AVAILABILITY = YES_AGGRESSIVE;
				CLANG_WARN_UNREACHABLE_CODE = YES;
				CLANG_WARN__DUPLICATE_METHOD_MATCH = YES;
				CODE_SIGN_IDENTITY = "iPhone Developer";
				COPY_PHASE_STRIP = NO;
				DEBUG_INFORMATION_FORMAT = "dwarf-with-dsym";
				ENABLE_NS_ASSERTIONS = NO;
				ENABLE_STRICT_OBJC_MSGSEND = YES;
				GCC_C_LANGUAGE_STANDARD = gnu11;
				GCC_NO_COMMON_BLOCKS = YES;
				GCC_WARN_64_TO_32_BIT_CONVERSION = YES;
				GCC_WARN_ABOUT_RETURN_TYPE = YES_ERROR;
				GCC_WARN_UNDECLARED_SELECTOR = YES;
				GCC_WARN_UNINITIALIZED_AUTOS = YES_AGGRESSIVE;
				GCC_WARN_UNUSED_FUNCTION = YES;
				GCC_WARN_UNUSED_VARIABLE = YES;
				IPHONEOS_DEPLOYMENT_TARGET = 11.4;
				MTL_ENABLE_DEBUG_INFO = NO;
				SDKROOT = iphoneos;
				SWIFT_COMPILATION_MODE = wholemodule;
				SWIFT_OPTIMIZATION_LEVEL = "-O";
				VALIDATE_PRODUCT = YES;
			};
			name = Release;
		};
		30C6DEA320CF968700A4BAAA /* Debug */ = {
			isa = XCBuildConfiguration;
			buildSettings = {
				ASSETCATALOG_COMPILER_APPICON_NAME = AppIcon;
				CODE_SIGN_STYLE = Automatic;
				INFOPLIST_FILE = rsb_jobapp/Info.plist;
				IPHONEOS_DEPLOYMENT_TARGET = 10.0;
				LD_RUNPATH_SEARCH_PATHS = (
					"$(inherited)",
					"@executable_path/Frameworks",
				);
				PRODUCT_BUNDLE_IDENTIFIER = "ru.romanbrazhnikov.rsb-jobapp";
				PRODUCT_NAME = "$(TARGET_NAME)";
				SWIFT_VERSION = 4.0;
				TARGETED_DEVICE_FAMILY = "1,2";
			};
			name = Debug;
		};
		30C6DEA420CF968700A4BAAA /* Release */ = {
			isa = XCBuildConfiguration;
			buildSettings = {
				ASSETCATALOG_COMPILER_APPICON_NAME = AppIcon;
				CODE_SIGN_STYLE = Automatic;
				INFOPLIST_FILE = rsb_jobapp/Info.plist;
				IPHONEOS_DEPLOYMENT_TARGET = 10.0;
				LD_RUNPATH_SEARCH_PATHS = (
					"$(inherited)",
					"@executable_path/Frameworks",
				);
				PRODUCT_BUNDLE_IDENTIFIER = "ru.romanbrazhnikov.rsb-jobapp";
				PRODUCT_NAME = "$(TARGET_NAME)";
				SWIFT_VERSION = 4.0;
				TARGETED_DEVICE_FAMILY = "1,2";
			};
			name = Release;
		};
/* End XCBuildConfiguration section */

/* Begin XCConfigurationList section */
		30C6DE8B20CF967A00A4BAAA /* Build configuration list for PBXProject "rsb_jobapp" */ = {
			isa = XCConfigurationList;
			buildConfigurations = (
				30C6DEA020CF968700A4BAAA /* Debug */,
				30C6DEA120CF968700A4BAAA /* Release */,
			);
			defaultConfigurationIsVisible = 0;
			defaultConfigurationName = Release;
		};
		30C6DEA220CF968700A4BAAA /* Build configuration list for PBXNativeTarget "rsb_jobapp" */ = {
			isa = XCConfigurationList;
			buildConfigurations = (
				30C6DEA320CF968700A4BAAA /* Debug */,
				30C6DEA420CF968700A4BAAA /* Release */,
			);
			defaultConfigurationIsVisible = 0;
			defaultConfigurationName = Release;
		};
/* End XCConfigurationList section */
	};
	rootObject = 30C6DE8820CF967A00A4BAAA /* Project object */;
}
